
Microsoft Visual Studio Solution File, Format Version 12.00
# Visual Studio Version 16
VisualStudioVersion = 16.0.31729.503
MinimumVisualStudioVersion = 10.0.40219.1
Project("{FAE04EC0-301F-11D3-BF4B-00C04F79EFBC}") = "WebAppMyEmpty", "WebAppMyEmpty\WebAppMyEmpty.csproj", "{DD57835B-AF1F-4E54-94D6-768481301816}"
EndProject
Global
	GlobalSection(SolutionConfigurationPlatforms) = preSolution
		Debug|Any CPU = Debug|Any CPU
		Release|Any CPU = Release|Any CPU
	EndGlobalSection
	GlobalSection(ProjectConfigurationPlatforms) = postSolution
		{DD57835B-AF1F-4E54-94D6-768481301816}.Debug|Any CPU.ActiveCfg = Debug|Any CPU
		{DD57835B-AF1F-4E54-94D6-768481301816}.Debug|Any CPU.Build.0 = Debug|Any CPU
		{DD57835B-AF1F-4E54-94D6-768481301816}.Release|Any CPU.ActiveCfg = Release|Any CPU
		{DD57835B-AF1F-4E54-94D6-768481301816}.Release|Any CPU.Build.0 = Release|Any CPU
	EndGlobalSection
	GlobalSection(SolutionProperties) = preSolution
		HideSolutionNode = FALSE
	EndGlobalSection
	GlobalSection(ExtensibilityGlobals) = postSolution
		SolutionGuid = {19CE7CA0-E5C3-4981-B613-EB1B6B517987}
	EndGlobalSection
EndGlobal
